
Microsoft Visual Studio Solution File, Format Version 12.00
# Visual Studio Version 17
VisualStudioVersion = 17.5.001.0
MinimumVisualStudioVersion = 10.0.40219.1
Project("{9A19103F-16F7-4668-BE54-9A1E7A4F7556}") = "HotSpotWeb.Application", "HotSpotWeb.Application\HotSpotWeb.Application.csproj", "{D2DF29E9-3E44-46C8-8264-DFFA70739FED}"
EndProject
Project("{9A19103F-16F7-4668-BE54-9A1E7A4F7556}") = "HotSpotWeb.Core", "HotSpotWeb.Core\HotSpotWeb.Core.csproj", "{7F84F7C3-3B3B-4544-9508-C3D09A6DF793}"
EndProject
Project("{9A19103F-16F7-4668-BE54-9A1E7A4F7556}") = "HotSpotWeb.EntityFrameworkCore", "HotSpotWeb.EntityFrameworkCore\HotSpotWeb.EntityFrameworkCore.csproj", "{FD2EAFE8-A8BA-4044-9E46-A873A2E867EE}"
EndProject
Project("{9A19103F-16F7-4668-BE54-9A1E7A4F7556}") = "HotSpotWeb.Migrator", "HotSpotWeb.Migrator\HotSpotWeb.Migrator.csproj", "{9504F79E-75C9-4DB1-B269-B352477B5C70}"
EndProject
Project("{9A19103F-16F7-4668-BE54-9A1E7A4F7556}") = "HotSpotWeb.Web.Core", "HotSpotWeb.Web.Core\HotSpotWeb.Web.Core.csproj", "{E608D737-8D0A-4DE1-A04F-D0208539DD48}"
EndProject
Project("{9A19103F-16F7-4668-BE54-9A1E7A4F7556}") = "HotSpotWeb.Web.Host", "HotSpotWeb.Web.Host\HotSpotWeb.Web.Host.csproj", "{C3DD7C3B-1E86-4503-B01E-0A4D3787B8EF}"
EndProject
Global
	GlobalSection(SolutionConfigurationPlatforms) = preSolution
		Debug|Any CPU = Debug|Any CPU
		Release|Any CPU = Release|Any CPU
	EndGlobalSection
	GlobalSection(ProjectConfigurationPlatforms) = postSolution
		{D2DF29E9-3E44-46C8-8264-DFFA70739FED}.Debug|Any CPU.ActiveCfg = Debug|Any CPU
		{D2DF29E9-3E44-46C8-8264-DFFA70739FED}.Debug|Any CPU.Build.0 = Debug|Any CPU
		{D2DF29E9-3E44-46C8-8264-DFFA70739FED}.Release|Any CPU.ActiveCfg = Release|Any CPU
		{D2DF29E9-3E44-46C8-8264-DFFA70739FED}.Release|Any CPU.Build.0 = Release|Any CPU
		{7F84F7C3-3B3B-4544-9508-C3D09A6DF793}.Debug|Any CPU.ActiveCfg = Debug|Any CPU
		{7F84F7C3-3B3B-4544-9508-C3D09A6DF793}.Debug|Any CPU.Build.0 = Debug|Any CPU
		{7F84F7C3-3B3B-4544-9508-C3D09A6DF793}.Release|Any CPU.ActiveCfg = Release|Any CPU
		{7F84F7C3-3B3B-4544-9508-C3D09A6DF793}.Release|Any CPU.Build.0 = Release|Any CPU
		{FD2EAFE8-A8BA-4044-9E46-A873A2E867EE}.Debug|Any CPU.ActiveCfg = Debug|Any CPU
		{FD2EAFE8-A8BA-4044-9E46-A873A2E867EE}.Debug|Any CPU.Build.0 = Debug|Any CPU
		{FD2EAFE8-A8BA-4044-9E46-A873A2E867EE}.Release|Any CPU.ActiveCfg = Release|Any CPU
		{FD2EAFE8-A8BA-4044-9E46-A873A2E867EE}.Release|Any CPU.Build.0 = Release|Any CPU
		{9504F79E-75C9-4DB1-B269-B352477B5C70}.Debug|Any CPU.ActiveCfg = Debug|Any CPU
		{9504F79E-75C9-4DB1-B269-B352477B5C70}.Debug|Any CPU.Build.0 = Debug|Any CPU
		{9504F79E-75C9-4DB1-B269-B352477B5C70}.Release|Any CPU.ActiveCfg = Release|Any CPU
		{9504F79E-75C9-4DB1-B269-B352477B5C70}.Release|Any CPU.Build.0 = Release|Any CPU
		{E608D737-8D0A-4DE1-A04F-D0208539DD48}.Debug|Any CPU.ActiveCfg = Debug|Any CPU
		{E608D737-8D0A-4DE1-A04F-D0208539DD48}.Debug|Any CPU.Build.0 = Debug|Any CPU
		{E608D737-8D0A-4DE1-A04F-D0208539DD48}.Release|Any CPU.ActiveCfg = Release|Any CPU
		{E608D737-8D0A-4DE1-A04F-D0208539DD48}.Release|Any CPU.Build.0 = Release|Any CPU
		{C3DD7C3B-1E86-4503-B01E-0A4D3787B8EF}.Debug|Any CPU.ActiveCfg = Debug|Any CPU
		{C3DD7C3B-1E86-4503-B01E-0A4D3787B8EF}.Debug|Any CPU.Build.0 = Debug|Any CPU
		{C3DD7C3B-1E86-4503-B01E-0A4D3787B8EF}.Release|Any CPU.ActiveCfg = Release|Any CPU
		{C3DD7C3B-1E86-4503-B01E-0A4D3787B8EF}.Release|Any CPU.Build.0 = Release|Any CPU
	EndGlobalSection
	GlobalSection(SolutionProperties) = preSolution
		HideSolutionNode = FALSE
	EndGlobalSection
	GlobalSection(ExtensibilityGlobals) = postSolution
		SolutionGuid = {4EE7019B-3CD5-4051-B027-D65EDF69B1A1}
	EndGlobalSection
EndGlobal
